
Microsoft Visual Studio Solution File, Format Version 12.00
# Visual Studio Version 16
VisualStudioVersion = 16.0.32802.440
MinimumVisualStudioVersion = 10.0.40219.1
Project("{FAE04EC0-301F-11D3-BF4B-00C04F79EFBC}") = "BankProject", "BankProject\BankProject.csproj", "{D958305A-D81E-422B-99D8-350B25E75B89}"
EndProject
Global
	GlobalSection(SolutionConfigurationPlatforms) = preSolution
		Debug|Any CPU = Debug|Any CPU
		Release|Any CPU = Release|Any CPU
	EndGlobalSection
	GlobalSection(ProjectConfigurationPlatforms) = postSolution
		{D958305A-D81E-422B-99D8-350B25E75B89}.Debug|Any CPU.ActiveCfg = Debug|Any CPU
		{D958305A-D81E-422B-99D8-350B25E75B89}.Debug|Any CPU.Build.0 = Debug|Any CPU
		{D958305A-D81E-422B-99D8-350B25E75B89}.Release|Any CPU.ActiveCfg = Release|Any CPU
		{D958305A-D81E-422B-99D8-350B25E75B89}.Release|Any CPU.Build.0 = Release|Any CPU
	EndGlobalSection
	GlobalSection(SolutionProperties) = preSolution
		HideSolutionNode = FALSE
	EndGlobalSection
	GlobalSection(ExtensibilityGlobals) = postSolution
		SolutionGuid = {E6BAA410-85BC-4016-915C-6F114C89DE3B}
	EndGlobalSection
EndGlobal
